
Microsoft Visual Studio Solution File, Format Version 12.00
# Visual Studio 15
VisualStudioVersion = 15.0.27703.2042
MinimumVisualStudioVersion = 10.0.40219.1
Project("{FAE04EC0-301F-11D3-BF4B-00C04F79EFBC}") = "Nomad.Console", "NomadApp\Nomad.Console.csproj", "{60DA1A14-9495-4999-A92A-C94B12C26666}"
EndProject
Project("{FAE04EC0-301F-11D3-BF4B-00C04F79EFBC}") = "Nomad.Services", "Nomad.Services\Nomad.Services.csproj", "{34391BC3-315F-4D60-94D7-781CF3B3F49E}"
EndProject
Project("{FAE04EC0-301F-11D3-BF4B-00C04F79EFBC}") = "Nomad.Models", "Nomad.Models\Nomad.Models.csproj", "{A835E882-E5BA-4F8B-9DF2-371695404764}"
EndProject
Global
	GlobalSection(SolutionConfigurationPlatforms) = preSolution
		Debug|Any CPU = Debug|Any CPU
		Release|Any CPU = Release|Any CPU
	EndGlobalSection
	GlobalSection(ProjectConfigurationPlatforms) = postSolution
		{60DA1A14-9495-4999-A92A-C94B12C26666}.Debug|Any CPU.ActiveCfg = Debug|Any CPU
		{60DA1A14-9495-4999-A92A-C94B12C26666}.Debug|Any CPU.Build.0 = Debug|Any CPU
		{60DA1A14-9495-4999-A92A-C94B12C26666}.Release|Any CPU.ActiveCfg = Release|Any CPU
		{60DA1A14-9495-4999-A92A-C94B12C26666}.Release|Any CPU.Build.0 = Release|Any CPU
		{34391BC3-315F-4D60-94D7-781CF3B3F49E}.Debug|Any CPU.ActiveCfg = Debug|Any CPU
		{34391BC3-315F-4D60-94D7-781CF3B3F49E}.Debug|Any CPU.Build.0 = Debug|Any CPU
		{34391BC3-315F-4D60-94D7-781CF3B3F49E}.Release|Any CPU.ActiveCfg = Release|Any CPU
		{34391BC3-315F-4D60-94D7-781CF3B3F49E}.Release|Any CPU.Build.0 = Release|Any CPU
		{A835E882-E5BA-4F8B-9DF2-371695404764}.Debug|Any CPU.ActiveCfg = Debug|Any CPU
		{A835E882-E5BA-4F8B-9DF2-371695404764}.Debug|Any CPU.Build.0 = Debug|Any CPU
		{A835E882-E5BA-4F8B-9DF2-371695404764}.Release|Any CPU.ActiveCfg = Release|Any CPU
		{A835E882-E5BA-4F8B-9DF2-371695404764}.Release|Any CPU.Build.0 = Release|Any CPU
	EndGlobalSection
	GlobalSection(SolutionProperties) = preSolution
		HideSolutionNode = FALSE
	EndGlobalSection
	GlobalSection(ExtensibilityGlobals) = postSolution
		SolutionGuid = {416F6092-01B2-4E11-B43D-30F75A0238DD}
	EndGlobalSection
EndGlobal
